PODS:
  - NJKWebViewProgress (0.2.3):
    - NJKWebViewProgress/Core (= 0.2.3)
    - NJKWebViewProgress/ProgressView (= 0.2.3)
  - NJKWebViewProgress/Core (0.2.3)
  - NJKWebViewProgress/ProgressView (0.2.3)

DEPENDENCIES:
  - NJKWebViewProgress

SPEC CHECKSUMS:
  NJKWebViewProgress: f481fd424cb5ecc27eacae11b5397db92fba9a4d

PODFILE CHECKSUM: 3556378e2f279b73f634fd92ff9dfc3cbf11281f

COCOAPODS: 1.2.0
